
Microsoft Visual Studio Solution File, Format Version 12.00
# Visual Studio 15
VisualStudioVersion = 15.0.27130.2027
MinimumVisualStudioVersion = 10.0.40219.1
Project("{FAE04EC0-301F-11D3-BF4B-00C04F79EFBC}") = "SantaFe", "SantaFe\SantaFe.csproj", "{A10A86EA-3087-47B9-B7CF-97BC886AC723}"
EndProject
Global
	GlobalSection(SolutionConfigurationPlatforms) = preSolution
		Debug|Any CPU = Debug|Any CPU
		Release|Any CPU = Release|Any CPU
	EndGlobalSection
	GlobalSection(ProjectConfigurationPlatforms) = postSolution
		{A10A86EA-3087-47B9-B7CF-97BC886AC723}.Debug|Any CPU.ActiveCfg = Debug|Any CPU
		{A10A86EA-3087-47B9-B7CF-97BC886AC723}.Debug|Any CPU.Build.0 = Debug|Any CPU
		{A10A86EA-3087-47B9-B7CF-97BC886AC723}.Release|Any CPU.ActiveCfg = Release|Any CPU
		{A10A86EA-3087-47B9-B7CF-97BC886AC723}.Release|Any CPU.Build.0 = Release|Any CPU
	EndGlobalSection
	GlobalSection(SolutionProperties) = preSolution
		HideSolutionNode = FALSE
	EndGlobalSection
	GlobalSection(ExtensibilityGlobals) = postSolution
		SolutionGuid = {7151D418-A94A-417B-8634-D49B86B1D333}
	EndGlobalSection
EndGlobal
